
Microsoft Visual Studio Solution File, Format Version 12.00
# Visual Studio Version 17
VisualStudioVersion = 17.0.31903.59
MinimumVisualStudioVersion = 10.0.40219.1
Project("{FAE04EC0-301F-11D3-BF4B-00C04F79EFBC}") = "BackendService", "src\BackendService\BackendService.csproj", "{0B919D26-DD96-4655-BFFE-92A02B6E8A15}"
EndProject
Project("{FAE04EC0-301F-11D3-BF4B-00C04F79EFBC}") = "BackendService.Contracts", "src\BackendService.Contracts\BackendService.Contracts.csproj", "{1960C782-356F-4761-9E25-8C04571B23D4}"
EndProject
Project("{FAE04EC0-301F-11D3-BF4B-00C04F79EFBC}") = "BackendService.BusinessLogic", "src\BackendService.BusinessLogic\BackendService.BusinessLogic.csproj", "{539C1C39-5360-4701-A81D-C59C3CBA4DCB}"
EndProject
Project("{FAE04EC0-301F-11D3-BF4B-00C04F79EFBC}") = "DatabaseContext", "src\DatabaseContext\DatabaseContext.csproj", "{99DE9373-8A86-4D3C-8B2E-842B9BE6325B}"
EndProject
Project("{FAE04EC0-301F-11D3-BF4B-00C04F79EFBC}") = "BackendService.UnitTests", "test\BackendService.UnitTests\BackendService.UnitTests.csproj", "{C947FBAB-8661-43E0-83BF-4F61D00678D1}"
EndProject
Project("{FAE04EC0-301F-11D3-BF4B-00C04F79EFBC}") = "BackendService.Client", "src\BackendService.Client\BackendService.Client.csproj", "{C97E951F-44FE-419B-B03A-5D558D61E46C}"
EndProject
Project("{FAE04EC0-301F-11D3-BF4B-00C04F79EFBC}") = "BackendService.BusinessLogic.UnitTests", "test\BackendService.BusinessLogic.UnitTests\BackendService.BusinessLogic.UnitTests.csproj", "{4BD11930-F3A2-430E-BAF0-965872DC9F57}"
EndProject
Project("{FAE04EC0-301F-11D3-BF4B-00C04F79EFBC}") = "Common", "src\Common\Common.csproj", "{B2926F75-4DFC-480A-98ED-D31E6919E4E8}"
EndProject
Global
	GlobalSection(SolutionConfigurationPlatforms) = preSolution
		Debug|Any CPU = Debug|Any CPU
		Release|Any CPU = Release|Any CPU
	EndGlobalSection
	GlobalSection(SolutionProperties) = preSolution
		HideSolutionNode = FALSE
	EndGlobalSection
	GlobalSection(ProjectConfigurationPlatforms) = postSolution
		{0B919D26-DD96-4655-BFFE-92A02B6E8A15}.Debug|Any CPU.ActiveCfg = Debug|Any CPU
		{0B919D26-DD96-4655-BFFE-92A02B6E8A15}.Debug|Any CPU.Build.0 = Debug|Any CPU
		{0B919D26-DD96-4655-BFFE-92A02B6E8A15}.Release|Any CPU.ActiveCfg = Release|Any CPU
		{0B919D26-DD96-4655-BFFE-92A02B6E8A15}.Release|Any CPU.Build.0 = Release|Any CPU
		{1960C782-356F-4761-9E25-8C04571B23D4}.Debug|Any CPU.ActiveCfg = Debug|Any CPU
		{1960C782-356F-4761-9E25-8C04571B23D4}.Debug|Any CPU.Build.0 = Debug|Any CPU
		{1960C782-356F-4761-9E25-8C04571B23D4}.Release|Any CPU.ActiveCfg = Release|Any CPU
		{1960C782-356F-4761-9E25-8C04571B23D4}.Release|Any CPU.Build.0 = Release|Any CPU
		{539C1C39-5360-4701-A81D-C59C3CBA4DCB}.Debug|Any CPU.ActiveCfg = Debug|Any CPU
		{539C1C39-5360-4701-A81D-C59C3CBA4DCB}.Debug|Any CPU.Build.0 = Debug|Any CPU
		{539C1C39-5360-4701-A81D-C59C3CBA4DCB}.Release|Any CPU.ActiveCfg = Release|Any CPU
		{539C1C39-5360-4701-A81D-C59C3CBA4DCB}.Release|Any CPU.Build.0 = Release|Any CPU
		{99DE9373-8A86-4D3C-8B2E-842B9BE6325B}.Debug|Any CPU.ActiveCfg = Debug|Any CPU
		{99DE9373-8A86-4D3C-8B2E-842B9BE6325B}.Debug|Any CPU.Build.0 = Debug|Any CPU
		{99DE9373-8A86-4D3C-8B2E-842B9BE6325B}.Release|Any CPU.ActiveCfg = Release|Any CPU
		{99DE9373-8A86-4D3C-8B2E-842B9BE6325B}.Release|Any CPU.Build.0 = Release|Any CPU
		{C947FBAB-8661-43E0-83BF-4F61D00678D1}.Debug|Any CPU.ActiveCfg = Debug|Any CPU
		{C947FBAB-8661-43E0-83BF-4F61D00678D1}.Debug|Any CPU.Build.0 = Debug|Any CPU
		{C947FBAB-8661-43E0-83BF-4F61D00678D1}.Release|Any CPU.ActiveCfg = Release|Any CPU
		{C947FBAB-8661-43E0-83BF-4F61D00678D1}.Release|Any CPU.Build.0 = Release|Any CPU
		{C97E951F-44FE-419B-B03A-5D558D61E46C}.Debug|Any CPU.ActiveCfg = Debug|Any CPU
		{C97E951F-44FE-419B-B03A-5D558D61E46C}.Debug|Any CPU.Build.0 = Debug|Any CPU
		{C97E951F-44FE-419B-B03A-5D558D61E46C}.Release|Any CPU.ActiveCfg = Release|Any CPU
		{C97E951F-44FE-419B-B03A-5D558D61E46C}.Release|Any CPU.Build.0 = Release|Any CPU
		{4BD11930-F3A2-430E-BAF0-965872DC9F57}.Debug|Any CPU.ActiveCfg = Debug|Any CPU
		{4BD11930-F3A2-430E-BAF0-965872DC9F57}.Debug|Any CPU.Build.0 = Debug|Any CPU
		{4BD11930-F3A2-430E-BAF0-965872DC9F57}.Release|Any CPU.ActiveCfg = Release|Any CPU
		{4BD11930-F3A2-430E-BAF0-965872DC9F57}.Release|Any CPU.Build.0 = Release|Any CPU
		{B2926F75-4DFC-480A-98ED-D31E6919E4E8}.Debug|Any CPU.ActiveCfg = Debug|Any CPU
		{B2926F75-4DFC-480A-98ED-D31E6919E4E8}.Debug|Any CPU.Build.0 = Debug|Any CPU
		{B2926F75-4DFC-480A-98ED-D31E6919E4E8}.Release|Any CPU.ActiveCfg = Release|Any CPU
		{B2926F75-4DFC-480A-98ED-D31E6919E4E8}.Release|Any CPU.Build.0 = Release|Any CPU
	EndGlobalSection
	GlobalSection(NestedProjects) = preSolution
	EndGlobalSection
EndGlobal
